{
  "pins" : [
    {
      "identity" : "pulse",
      "kind" : "remoteSourceControl",
      "location" : "https://github.com/kean/Pulse.git",
      "state" : {
        "revision" : "6125ce7fb51b114ba71b761d18cfd5557923bd4d",
        "version" : "5.1.4"
      }
    },
    {
      "identity" : "pulseloghandler",
      "kind" : "remoteSourceControl",
      "location" : "https://github.com/kean/PulseLogHandler.git",
      "state" : {
        "revision" : "477e9ef76615f0b76b43bb502af432fe6750b704",
        "version" : "5.1.0"
      }
    },
    {
      "identity" : "swift-log",
      "kind" : "remoteSourceControl",
      "location" : "https://github.com/apple/swift-log.git",
      "state" : {
        "revision" : "ce592ae52f982c847a4efc0dd881cc9eb32d29f2",
        "version" : "1.6.4"
      }
    }
  ],
  "version" : 2
}
